
Microsoft Visual Studio Solution File, Format Version 12.00
# Visual Studio Version 17
VisualStudioVersion = 17.4.33122.133
MinimumVisualStudioVersion = 10.0.40219.1
Project("{FAE04EC0-301F-11D3-BF4B-00C04F79EFBC}") = "InMemoryCaching", "InMemoryCaching.csproj", "{C9223B05-5BBC-4F12-A919-E4B27D09938B}"
EndProject
Global
	GlobalSection(SolutionConfigurationPlatforms) = preSolution
		Debug|Any CPU = Debug|Any CPU
		Release|Any CPU = Release|Any CPU
	EndGlobalSection
	GlobalSection(ProjectConfigurationPlatforms) = postSolution
		{C9223B05-5BBC-4F12-A919-E4B27D09938B}.Debug|Any CPU.ActiveCfg = Debug|Any CPU
		{C9223B05-5BBC-4F12-A919-E4B27D09938B}.Debug|Any CPU.Build.0 = Debug|Any CPU
		{C9223B05-5BBC-4F12-A919-E4B27D09938B}.Release|Any CPU.ActiveCfg = Release|Any CPU
		{C9223B05-5BBC-4F12-A919-E4B27D09938B}.Release|Any CPU.Build.0 = Release|Any CPU
	EndGlobalSection
	GlobalSection(SolutionProperties) = preSolution
		HideSolutionNode = FALSE
	EndGlobalSection
	GlobalSection(ExtensibilityGlobals) = postSolution
		SolutionGuid = {E65C8620-E100-47E9-B124-77C0A1B2024C}
	EndGlobalSection
EndGlobal
